
Microsoft Visual Studio Solution File, Format Version 12.00
# Visual Studio 15
VisualStudioVersion = 15.0.28307.757
MinimumVisualStudioVersion = 10.0.40219.1
Project("{FAE04EC0-301F-11D3-BF4B-00C04F79EFBC}") = "DotaFantasyApp", "DotaFantasyApp\DotaFantasyApp\DotaFantasyApp.csproj", "{914AA44E-C623-424B-A9C0-BCD22E394636}"
EndProject
Project("{FAE04EC0-301F-11D3-BF4B-00C04F79EFBC}") = "DotaFantasyApp.Android", "DotaFantasyApp\DotaFantasyApp.Android\DotaFantasyApp.Android.csproj", "{1B8D3684-5A2F-4435-918D-FD5FF7D046A9}"
EndProject
Global
	GlobalSection(SolutionConfigurationPlatforms) = preSolution
		Debug|Any CPU = Debug|Any CPU
		Release|Any CPU = Release|Any CPU
	EndGlobalSection
	GlobalSection(ProjectConfigurationPlatforms) = postSolution
		{914AA44E-C623-424B-A9C0-BCD22E394636}.Debug|Any CPU.ActiveCfg = Debug|Any CPU
		{914AA44E-C623-424B-A9C0-BCD22E394636}.Debug|Any CPU.Build.0 = Debug|Any CPU
		{914AA44E-C623-424B-A9C0-BCD22E394636}.Release|Any CPU.ActiveCfg = Release|Any CPU
		{914AA44E-C623-424B-A9C0-BCD22E394636}.Release|Any CPU.Build.0 = Release|Any CPU
		{1B8D3684-5A2F-4435-918D-FD5FF7D046A9}.Debug|Any CPU.ActiveCfg = Debug|Any CPU
		{1B8D3684-5A2F-4435-918D-FD5FF7D046A9}.Debug|Any CPU.Build.0 = Debug|Any CPU
		{1B8D3684-5A2F-4435-918D-FD5FF7D046A9}.Debug|Any CPU.Deploy.0 = Debug|Any CPU
		{1B8D3684-5A2F-4435-918D-FD5FF7D046A9}.Release|Any CPU.ActiveCfg = Release|Any CPU
		{1B8D3684-5A2F-4435-918D-FD5FF7D046A9}.Release|Any CPU.Build.0 = Release|Any CPU
		{1B8D3684-5A2F-4435-918D-FD5FF7D046A9}.Release|Any CPU.Deploy.0 = Release|Any CPU
	EndGlobalSection
	GlobalSection(SolutionProperties) = preSolution
		HideSolutionNode = FALSE
	EndGlobalSection
	GlobalSection(ExtensibilityGlobals) = postSolution
		SolutionGuid = {FB1A68F6-DCAE-48F9-891A-C49A504411D0}
	EndGlobalSection
EndGlobal
